// !$*UTF8*$!
{
	archiveVersion = 1;
	classes = {
	};
	objectVersion = 46;
	objects = {

/* Begin PBXBuildFile section */
		4E52E4E51FE51DC000292FCF /* AppDelegate.swift in Sources */ = {isa = PBXBuildFile; fileRef = 4E52E4E41FE51DC000292FCF /* AppDelegate.swift */; };
		4E52E4E71FE51DC000292FCF /* ViewController.swift in Sources */ = {isa = PBXBuildFile; fileRef = 4E52E4E61FE51DC000292FCF /* ViewController.swift */; };
		4E52E4EA1FE51DC000292FCF /* Main.storyboard in Resources */ = {isa = PBXBuildFile; fileRef = 4E52E4E81FE51DC000292FCF /* Main.storyboard */; };
		4E52E4ED1FE51DC000292FCF /* uride.xcdatamodeld in Sources */ = {isa = PBXBuildFile; fileRef = 4E52E4EB1FE51DC000292FCF /* uride.xcdatamodeld */; };
		4E52E4EF1FE51DC000292FCF /* Assets.xcassets in Resources */ = {isa = PBXBuildFile; fileRef = 4E52E4EE1FE51DC000292FCF /* Assets.xcassets */; };
		4E52E4F21FE51DC000292FCF /* LaunchScreen.storyboard in Resources */ = {isa = PBXBuildFile; fileRef = 4E52E4F01FE51DC000292FCF /* LaunchScreen.storyboard */; };
		4E52E4FD1FE51DC000292FCF /* urideTests.swift in Sources */ = {isa = PBXBuildFile; fileRef = 4E52E4FC1FE51DC000292FCF /* urideTests.swift */; };
		4E52E5081FE51DC000292FCF /* urideUITests.swift in Sources */ = {isa = PBXBuildFile; fileRef = 4E52E5071FE51DC000292FCF /* urideUITests.swift */; };
/* End PBXBuildFile section */

/* Begin PBXContainerItemProxy section */
		4E52E4F91FE51DC000292FCF /* PBXContainerItemProxy */ = {
			isa = PBXContainerItemProxy;
			containerPortal = 4E52E4D91FE51DC000292FCF /* Project object */;
			proxyType = 1;
			remoteGlobalIDString = 4E52E4E01FE51DC000292FCF;
			remoteInfo = uride;
		};
		4E52E5041FE51DC000292FCF /* PBXContainerItemProxy */ = {
			isa = PBXContainerItemProxy;
			containerPortal = 4E52E4D91FE51DC000292FCF /* Project object */;
			proxyType = 1;
			remoteGlobalIDString = 4E52E4E01FE51DC000292FCF;
			remoteInfo = uride;
		};
/* End PBXContainerItemProxy section */

/* Begin PBXFileReference section */
		4E52E4E11FE51DC000292FCF /* uride.app */ = {isa = PBXFileReference; explicitFileType = wrapper.application; includeInIndex = 0; path = uride.app; sourceTree = BUILT_PRODUCTS_DIR; };
		4E52E4E41FE51DC000292FCF /* AppDelegate.swift */ = {isa = PBXFileReference; lastKnownFileType = sourcecode.swift; path = AppDelegate.swift; sourceTree = "<group>"; };
		4E52E4E61FE51DC000292FCF /* ViewController.swift */ = {isa = PBXFileReference; lastKnownFileType = sourcecode.swift; path = ViewController.swift; sourceTree = "<group>"; };
		4E52E4E91FE51DC000292FCF /* Base */ = {isa = PBXFileReference; lastKnownFileType = file.storyboard; name = Base; path = Base.lproj/Main.storyboard; sourceTree = "<group>"; };
		4E52E4EC1FE51DC000292FCF /* uride.xcdatamodel */ = {isa = PBXFileReference; lastKnownFileType = wrapper.xcdatamodel; path = uride.xcdatamodel; sourceTree = "<group>"; };
		4E52E4EE1FE51DC000292FCF /* Assets.xcassets */ = {isa = PBXFileReference; lastKnownFileType = folder.assetcatalog; path = Assets.xcassets; sourceTree = "<group>"; };
		4E52E4F11FE51DC000292FCF /* Base */ = {isa = PBXFileReference; lastKnownFileType = file.storyboard; name = Base; path = Base.lproj/LaunchScreen.storyboard; sourceTree = "<group>"; };
		4E52E4F31FE51DC000292FCF /* Info.plist */ = {isa = PBXFileReference; lastKnownFileType = text.plist.xml; path = Info.plist; sourceTree = "<group>"; };
		4E52E4F81FE51DC000292FCF /* urideTests.xctest */ = {isa = PBXFileReference; explicitFileType = wrapper.cfbundle; includeInIndex = 0; path = urideTests.xctest; sourceTree = BUILT_PRODUCTS_DIR; };
		4E52E4FC1FE51DC000292FCF /* urideTests.swift */ = {isa = PBXFileReference; lastKnownFileType = sourcecode.swift; path = urideTests.swift; sourceTree = "<group>"; };
		4E52E4FE1FE51DC000292FCF /* Info.plist */ = {isa = PBXFileReference; lastKnownFileType = text.plist.xml; path = Info.plist; sourceTree = "<group>"; };
		4E52E5031FE51DC000292FCF /* urideUITests.xctest */ = {isa = PBXFileReference; explicitFileType = wrapper.cfbundle; includeInIndex = 0; path = urideUITests.xctest; sourceTree = BUILT_PRODUCTS_DIR; };
		4E52E5071FE51DC000292FCF /* urideUITests.swift */ = {isa = PBXFileReference; lastKnownFileType = sourcecode.swift; path = urideUITests.swift; sourceTree = "<group>"; };
		4E52E5091FE51DC000292FCF /* Info.plist */ = {isa = PBXFileReference; lastKnownFileType = text.plist.xml; path = Info.plist; sourceTree = "<group>"; };
/* End PBXFileReference section */

/* Begin PBXFrameworksBuildPhase section */
		4E52E4DE1FE51DC000292FCF /* Frameworks */ = {
			isa = PBXFrameworksBuildPhase;
			buildActionMask = 2147483647;
			files = (
			);
			runOnlyForDeploymentPostprocessing = 0;
		};
		4E52E4F51FE51DC000292FCF /* Frameworks */ = {
			isa = PBXFrameworksBuildPhase;
			buildActionMask = 2147483647;
			files = (
			);
			runOnlyForDeploymentPostprocessing = 0;
		};
		4E52E5001FE51DC000292FCF /* Frameworks */ = {
			isa = PBXFrameworksBuildPhase;
			buildActionMask = 2147483647;
			files = (
			);
			runOnlyForDeploymentPostprocessing = 0;
		};
/* End PBXFrameworksBuildPhase section */

/* Begin PBXGroup section */
		4E52E4D81FE51DC000292FCF = {
			isa = PBXGroup;
			children = (
				4E52E4E31FE51DC000292FCF /* uride */,
				4E52E4FB1FE51DC000292FCF /* urideTests */,
				4E52E5061FE51DC000292FCF /* urideUITests */,
				4E52E4E21FE51DC000292FCF /* Products */,
			);
			sourceTree = "<group>";
		};
		4E52E4E21FE51DC000292FCF /* Products */ = {
			isa = PBXGroup;
			children = (
				4E52E4E11FE51DC000292FCF /* uride.app */,
				4E52E4F81FE51DC000292FCF /* urideTests.xctest */,
				4E52E5031FE51DC000292FCF /* urideUITests.xctest */,
			);
			name = Products;
			sourceTree = "<group>";
		};
		4E52E4E31FE51DC000292FCF /* uride */ = {
			isa = PBXGroup;
			children = (
				4E52E4E41FE51DC000292FCF /* AppDelegate.swift */,
				4E52E4E61FE51DC000292FCF /* ViewController.swift */,
				4E52E4E81FE51DC000292FCF /* Main.storyboard */,
				4E52E4EE1FE51DC000292FCF /* Assets.xcassets */,
				4E52E4F01FE51DC000292FCF /* LaunchScreen.storyboard */,
				4E52E4F31FE51DC000292FCF /* Info.plist */,
				4E52E4EB1FE51DC000292FCF /* uride.xcdatamodeld */,
			);
			path = uride;
			sourceTree = "<group>";
		};
		4E52E4FB1FE51DC000292FCF /* urideTests */ = {
			isa = PBXGroup;
			children = (
				4E52E4FC1FE51DC000292FCF /* urideTests.swift */,
				4E52E4FE1FE51DC000292FCF /* Info.plist */,
			);
			path = urideTests;
			sourceTree = "<group>";
		};
		4E52E5061FE51DC000292FCF /* urideUITests */ = {
			isa = PBXGroup;
			children = (
				4E52E5071FE51DC000292FCF /* urideUITests.swift */,
				4E52E5091FE51DC000292FCF /* Info.plist */,
			);
			path = urideUITests;
			sourceTree = "<group>";
		};
/* End PBXGroup section */

/* Begin PBXNativeTarget section */
		4E52E4E01FE51DC000292FCF /* uride */ = {
			isa = PBXNativeTarget;
			buildConfigurationList = 4E52E50C1FE51DC000292FCF /* Build configuration list for PBXNativeTarget "uride" */;
			buildPhases = (
				4E52E4DD1FE51DC000292FCF /* Sources */,
				4E52E4DE1FE51DC000292FCF /* Frameworks */,
				4E52E4DF1FE51DC000292FCF /* Resources */,
			);
			buildRules = (
			);
			dependencies = (
			);
			name = uride;
			productName = uride;
			productReference = 4E52E4E11FE51DC000292FCF /* uride.app */;
			productType = "com.apple.product-type.application";
		};
		4E52E4F71FE51DC000292FCF /* urideTests */ = {
			isa = PBXNativeTarget;
			buildConfigurationList = 4E52E50F1FE51DC000292FCF /* Build configuration list for PBXNativeTarget "urideTests" */;
			buildPhases = (
				4E52E4F41FE51DC000292FCF /* Sources */,
				4E52E4F51FE51DC000292FCF /* Frameworks */,
				4E52E4F61FE51DC000292FCF /* Resources */,
			);
			buildRules = (
			);
			dependencies = (
				4E52E4FA1FE51DC000292FCF /* PBXTargetDependency */,
			);
			name = urideTests;
			productName = urideTests;
			productReference = 4E52E4F81FE51DC000292FCF /* urideTests.xctest */;
			productType = "com.apple.product-type.bundle.unit-test";
		};
		4E52E5021FE51DC000292FCF /* urideUITests */ = {
			isa = PBXNativeTarget;
			buildConfigurationList = 4E52E5121FE51DC000292FCF /* Build configuration list for PBXNativeTarget "urideUITests" */;
			buildPhases = (
				4E52E4FF1FE51DC000292FCF /* Sources */,
				4E52E5001FE51DC000292FCF /* Frameworks */,
				4E52E5011FE51DC000292FCF /* Resources */,
			);
			buildRules = (
			);
			dependencies = (
				4E52E5051FE51DC000292FCF /* PBXTargetDependency */,
			);
			name = urideUITests;
			productName = urideUITests;
			productReference = 4E52E5031FE51DC000292FCF /* urideUITests.xctest */;
			productType = "com.apple.product-type.bundle.ui-testing";
		};
/* End PBXNativeTarget section */

/* Begin PBXProject section */
		4E52E4D91FE51DC000292FCF /* Project object */ = {
			isa = PBXProject;
			attributes = {
				LastSwiftUpdateCheck = 0830;
				LastUpgradeCheck = 0830;
				ORGANIZATIONNAME = "王資猛";
				TargetAttributes = {
					4E52E4E01FE51DC000292FCF = {
						CreatedOnToolsVersion = 8.3.3;
						ProvisioningStyle = Automatic;
					};
					4E52E4F71FE51DC000292FCF = {
						CreatedOnToolsVersion = 8.3.3;
						ProvisioningStyle = Automatic;
						TestTargetID = 4E52E4E01FE51DC000292FCF;
					};
					4E52E5021FE51DC000292FCF = {
						CreatedOnToolsVersion = 8.3.3;
						ProvisioningStyle = Automatic;
						TestTargetID = 4E52E4E01FE51DC000292FCF;
					};
				};
			};
			buildConfigurationList = 4E52E4DC1FE51DC000292FCF /* Build configuration list for PBXProject "uride" */;
			compatibilityVersion = "Xcode 3.2";
			developmentRegion = English;
			hasScannedForEncodings = 0;
			knownRegions = (
				en,
				Base,
			);
			mainGroup = 4E52E4D81FE51DC000292FCF;
			productRefGroup = 4E52E4E21FE51DC000292FCF /* Products */;
			projectDirPath = "";
			projectRoot = "";
			targets = (
				4E52E4E01FE51DC000292FCF /* uride */,
				4E52E4F71FE51DC000292FCF /* urideTests */,
				4E52E5021FE51DC000292FCF /* urideUITests */,
			);
		};
/* End PBXProject section */

/* Begin PBXResourcesBuildPhase section */
		4E52E4DF1FE51DC000292FCF /* Resources */ = {
			isa = PBXResourcesBuildPhase;
			buildActionMask = 2147483647;
			files = (
				4E52E4F21FE51DC000292FCF /* LaunchScreen.storyboard in Resources */,
				4E52E4EF1FE51DC000292FCF /* Assets.xcassets in Resources */,
				4E52E4EA1FE51DC000292FCF /* Main.storyboard in Resources */,
			);
			runOnlyForDeploymentPostprocessing = 0;
		};
		4E52E4F61FE51DC000292FCF /* Resources */ = {
			isa = PBXResourcesBuildPhase;
			buildActionMask = 2147483647;
			files = (
			);
			runOnlyForDeploymentPostprocessing = 0;
		};
		4E52E5011FE51DC000292FCF /* Resources */ = {
			isa = PBXResourcesBuildPhase;
			buildActionMask = 2147483647;
			files = (
			);
			runOnlyForDeploymentPostprocessing = 0;
		};
/* End PBXResourcesBuildPhase section */

/* Begin PBXSourcesBuildPhase section */
		4E52E4DD1FE51DC000292FCF /* Sources */ = {
			isa = PBXSourcesBuildPhase;
			buildActionMask = 2147483647;
			files = (
				4E52E4E71FE51DC000292FCF /* ViewController.swift in Sources */,
				4E52E4E51FE51DC000292FCF /* AppDelegate.swift in Sources */,
				4E52E4ED1FE51DC000292FCF /* uride.xcdatamodeld in Sources */,
			);
			runOnlyForDeploymentPostprocessing = 0;
		};
		4E52E4F41FE51DC000292FCF /* Sources */ = {
			isa = PBXSourcesBuildPhase;
			buildActionMask = 2147483647;
			files = (
				4E52E4FD1FE51DC000292FCF /* urideTests.swift in Sources */,
			);
			runOnlyForDeploymentPostprocessing = 0;
		};
		4E52E4FF1FE51DC000292FCF /* Sources */ = {
			isa = PBXSourcesBuildPhase;
			buildActionMask = 2147483647;
			files = (
				4E52E5081FE51DC000292FCF /* urideUITests.swift in Sources */,
			);
			runOnlyForDeploymentPostprocessing = 0;
		};
/* End PBXSourcesBuildPhase section */

/* Begin PBXTargetDependency section */
		4E52E4FA1FE51DC000292FCF /* PBXTargetDependency */ = {
			isa = PBXTargetDependency;
			target = 4E52E4E01FE51DC000292FCF /* uride */;
			targetProxy = 4E52E4F91FE51DC000292FCF /* PBXContainerItemProxy */;
		};
		4E52E5051FE51DC000292FCF /* PBXTargetDependency */ = {
			isa = PBXTargetDependency;
			target = 4E52E4E01FE51DC000292FCF /* uride */;
			targetProxy = 4E52E5041FE51DC000292FCF /* PBXContainerItemProxy */;
		};
/* End PBXTargetDependency section */

/* Begin PBXVariantGroup section */
		4E52E4E81FE51DC000292FCF /* Main.storyboard */ = {
			isa = PBXVariantGroup;
			children = (
				4E52E4E91FE51DC000292FCF /* Base */,
			);
			name = Main.storyboard;
			sourceTree = "<group>";
		};
		4E52E4F01FE51DC000292FCF /* LaunchScreen.storyboard */ = {
			isa = PBXVariantGroup;
			children = (
				4E52E4F11FE51DC000292FCF /* Base */,
			);
			name = LaunchScreen.storyboard;
			sourceTree = "<group>";
		};
/* End PBXVariantGroup section */

/* Begin XCBuildConfiguration section */
		4E52E50A1FE51DC000292FCF /* Debug */ = {
			isa = XCBuildConfiguration;
			buildSettings = {
				ALWAYS_SEARCH_USER_PATHS = NO;
				CLANG_ANALYZER_NONNULL = YES;
				CLANG_ANALYZER_NUMBER_OBJECT_CONVERSION = YES_AGGRESSIVE;
				CLANG_CXX_LANGUAGE_STANDARD = "gnu++0x";
				CLANG_CXX_LIBRARY = "libc++";
				CLANG_ENABLE_MODULES = YES;
				CLANG_ENABLE_OBJC_ARC = YES;
				CLANG_WARN_BOOL_CONVERSION = YES;
				CLANG_WARN_CONSTANT_CONVERSION = YES;
				CLANG_WARN_DIRECT_OBJC_ISA_USAGE = YES_ERROR;
				CLANG_WARN_DOCUMENTATION_COMMENTS = YES;
				CLANG_WARN_EMPTY_BODY = YES;
				CLANG_WARN_ENUM_CONVERSION = YES;
				CLANG_WARN_INFINITE_RECURSION = YES;
				CLANG_WARN_INT_CONVERSION = YES;
				CLANG_WARN_OBJC_ROOT_CLASS = YES_ERROR;
				CLANG_WARN_SUSPICIOUS_MOVE = YES;
				CLANG_WARN_UNREACHABLE_CODE = YES;
				CLANG_WARN__DUPLICATE_METHOD_MATCH = YES;
				"CODE_SIGN_IDENTITY[sdk=iphoneos*]" = "iPhone Developer";
				COPY_PHASE_STRIP = NO;
				DEBUG_INFORMATION_FORMAT = dwarf;
				ENABLE_STRICT_OBJC_MSGSEND = YES;
				ENABLE_TESTABILITY = YES;
				GCC_C_LANGUAGE_STANDARD = gnu99;
				GCC_DYNAMIC_NO_PIC = NO;
				GCC_NO_COMMON_BLOCKS = YES;
				GCC_OPTIMIZATION_LEVEL = 0;
				GCC_PREPROCESSOR_DEFINITIONS = (
					"DEBUG=1",
					"$(inherited)",
				);
				GCC_WARN_64_TO_32_BIT_CONVERSION = YES;
				GCC_WARN_ABOUT_RETURN_TYPE = YES_ERROR;
				GCC_WARN_UNDECLARED_SELECTOR = YES;
				GCC_WARN_UNINITIALIZED_AUTOS = YES_AGGRESSIVE;
				GCC_WARN_UNUSED_FUNCTION = YES;
				GCC_WARN_UNUSED_VARIABLE = YES;
				IPHONEOS_DEPLOYMENT_TARGET = 10.3;
				MTL_ENABLE_DEBUG_INFO = YES;
				ONLY_ACTIVE_ARCH = YES;
				SDKROOT = iphoneos;
				SWIFT_ACTIVE_COMPILATION_CONDITIONS = DEBUG;
				SWIFT_OPTIMIZATION_LEVEL = "-Onone";
				TARGETED_DEVICE_FAMILY = "1,2";
			};
			name = Debug;
		};
		4E52E50B1FE51DC000292FCF /* Release */ = {
			isa = XCBuildConfiguration;
			buildSettings = {
				ALWAYS_SEARCH_USER_PATHS = NO;
				CLANG_ANALYZER_NONNULL = YES;
				CLANG_ANALYZER_NUMBER_OBJECT_CONVERSION = YES_AGGRESSIVE;
				CLANG_CXX_LANGUAGE_STANDARD = "gnu++0x";
				CLANG_CXX_LIBRARY = "libc++";
				CLANG_ENABLE_MODULES = YES;
				CLANG_ENABLE_OBJC_ARC = YES;
				CLANG_WARN_BOOL_CONVERSION = YES;
				CLANG_WARN_CONSTANT_CONVERSION = YES;
				CLANG_WARN_DIRECT_OBJC_ISA_USAGE = YES_ERROR;
				CLANG_WARN_DOCUMENTATION_COMMENTS = YES;
				CLANG_WARN_EMPTY_BODY = YES;
				CLANG_WARN_ENUM_CONVERSION = YES;
				CLANG_WARN_INFINITE_RECURSION = YES;
				CLANG_WARN_INT_CONVERSION = YES;
				CLANG_WARN_OBJC_ROOT_CLASS = YES_ERROR;
				CLANG_WARN_SUSPICIOUS_MOVE = YES;
				CLANG_WARN_UNREACHABLE_CODE = YES;
				CLANG_WARN__DUPLICATE_METHOD_MATCH = YES;
				"CODE_SIGN_IDENTITY[sdk=iphoneos*]" = "iPhone Developer";
				COPY_PHASE_STRIP = NO;
				DEBUG_INFORMATION_FORMAT = "dwarf-with-dsym";
				ENABLE_NS_ASSERTIONS = NO;
				ENABLE_STRICT_OBJC_MSGSEND = YES;
				GCC_C_LANGUAGE_STANDARD = gnu99;
				GCC_NO_COMMON_BLOCKS = YES;
				GCC_WARN_64_TO_32_BIT_CONVERSION = YES;
				GCC_WARN_ABOUT_RETURN_TYPE = YES_ERROR;
				GCC_WARN_UNDECLARED_SELECTOR = YES;
				GCC_WARN_UNINITIALIZED_AUTOS = YES_AGGRESSIVE;
				GCC_WARN_UNUSED_FUNCTION = YES;
				GCC_WARN_UNUSED_VARIABLE = YES;
				IPHONEOS_DEPLOYMENT_TARGET = 10.3;
				MTL_ENABLE_DEBUG_INFO = NO;
				SDKROOT = iphoneos;
				SWIFT_OPTIMIZATION_LEVEL = "-Owholemodule";
				TARGETED_DEVICE_FAMILY = "1,2";
				VALIDATE_PRODUCT = YES;
			};
			name = Release;
		};
		4E52E50D1FE51DC000292FCF /* Debug */ = {
			isa = XCBuildConfiguration;
			buildSettings = {
				ASSETCATALOG_COMPILER_APPICON_NAME = AppIcon;
				INFOPLIST_FILE = uride/Info.plist;
				LD_RUNPATH_SEARCH_PATHS = "$(inherited) @executable_path/Frameworks";
				PRODUCT_BUNDLE_IDENTIFIER = com.example.uride;
				PRODUCT_NAME = "$(TARGET_NAME)";
				SWIFT_VERSION = 3.0;
			};
			name = Debug;
		};
		4E52E50E1FE51DC000292FCF /* Release */ = {
			isa = XCBuildConfiguration;
			buildSettings = {
				ASSETCATALOG_COMPILER_APPICON_NAME = AppIcon;
				INFOPLIST_FILE = uride/Info.plist;
				LD_RUNPATH_SEARCH_PATHS = "$(inherited) @executable_path/Frameworks";
				PRODUCT_BUNDLE_IDENTIFIER = com.example.uride;
				PRODUCT_NAME = "$(TARGET_NAME)";
				SWIFT_VERSION = 3.0;
			};
			name = Release;
		};
		4E52E5101FE51DC000292FCF /* Debug */ = {
			isa = XCBuildConfiguration;
			buildSettings = {
				ALWAYS_EMBED_SWIFT_STANDARD_LIBRARIES = YES;
				BUNDLE_LOADER = "$(TEST_HOST)";
				INFOPLIST_FILE = urideTests/Info.plist;
				LD_RUNPATH_SEARCH_PATHS = "$(inherited) @executable_path/Frameworks @loader_path/Frameworks";
				PRODUCT_BUNDLE_IDENTIFIER = com.example.urideTests;
				PRODUCT_NAME = "$(TARGET_NAME)";
				SWIFT_VERSION = 3.0;
				TEST_HOST = "$(BUILT_PRODUCTS_DIR)/uride.app/uride";
			};
			name = Debug;
		};
		4E52E5111FE51DC000292FCF /* Release */ = {
			isa = XCBuildConfiguration;
			buildSettings = {
				ALWAYS_EMBED_SWIFT_STANDARD_LIBRARIES = YES;
				BUNDLE_LOADER = "$(TEST_HOST)";
				INFOPLIST_FILE = urideTests/Info.plist;
				LD_RUNPATH_SEARCH_PATHS = "$(inherited) @executable_path/Frameworks @loader_path/Frameworks";
				PRODUCT_BUNDLE_IDENTIFIER = com.example.urideTests;
				PRODUCT_NAME = "$(TARGET_NAME)";
				SWIFT_VERSION = 3.0;
				TEST_HOST = "$(BUILT_PRODUCTS_DIR)/uride.app/uride";
			};
			name = Release;
		};
		4E52E5131FE51DC000292FCF /* Debug */ = {
			isa = XCBuildConfiguration;
			buildSettings = {
				ALWAYS_EMBED_SWIFT_STANDARD_LIBRARIES = YES;
				INFOPLIST_FILE = urideUITests/Info.plist;
				LD_RUNPATH_SEARCH_PATHS = "$(inherited) @executable_path/Frameworks @loader_path/Frameworks";
				PRODUCT_BUNDLE_IDENTIFIER = com.example.urideUITests;
				PRODUCT_NAME = "$(TARGET_NAME)";
				SWIFT_VERSION = 3.0;
				TEST_TARGET_NAME = uride;
			};
			name = Debug;
		};
		4E52E5141FE51DC000292FCF /* Release */ = {
			isa = XCBuildConfiguration;
			buildSettings = {
				ALWAYS_EMBED_SWIFT_STANDARD_LIBRARIES = YES;
				INFOPLIST_FILE = urideUITests/Info.plist;
				LD_RUNPATH_SEARCH_PATHS = "$(inherited) @executable_path/Frameworks @loader_path/Frameworks";
				PRODUCT_BUNDLE_IDENTIFIER = com.example.urideUITests;
				PRODUCT_NAME = "$(TARGET_NAME)";
				SWIFT_VERSION = 3.0;
				TEST_TARGET_NAME = uride;
			};
			name = Release;
		};
/* End XCBuildConfiguration section */

/* Begin XCConfigurationList section */
		4E52E4DC1FE51DC000292FCF /* Build configuration list for PBXProject "uride" */ = {
			isa = XCConfigurationList;
			buildConfigurations = (
				4E52E50A1FE51DC000292FCF /* Debug */,
				4E52E50B1FE51DC000292FCF /* Release */,
			);
			defaultConfigurationIsVisible = 0;
			defaultConfigurationName = Release;
		};
		4E52E50C1FE51DC000292FCF /* Build configuration list for PBXNativeTarget "uride" */ = {
			isa = XCConfigurationList;
			buildConfigurations = (
				4E52E50D1FE51DC000292FCF /* Debug */,
				4E52E50E1FE51DC000292FCF /* Release */,
			);
			defaultConfigurationIsVisible = 0;
		};
		4E52E50F1FE51DC000292FCF /* Build configuration list for PBXNativeTarget "urideTests" */ = {
			isa = XCConfigurationList;
			buildConfigurations = (
				4E52E5101FE51DC000292FCF /* Debug */,
				4E52E5111FE51DC000292FCF /* Release */,
			);
			defaultConfigurationIsVisible = 0;
		};
		4E52E5121FE51DC000292FCF /* Build configuration list for PBXNativeTarget "urideUITests" */ = {
			isa = XCConfigurationList;
			buildConfigurations = (
				4E52E5131FE51DC000292FCF /* Debug */,
				4E52E5141FE51DC000292FCF /* Release */,
			);
			defaultConfigurationIsVisible = 0;
		};
/* End XCConfigurationList section */

/* Begin XCVersionGroup section */
		4E52E4EB1FE51DC000292FCF /* uride.xcdatamodeld */ = {
			isa = XCVersionGroup;
			children = (
				4E52E4EC1FE51DC000292FCF /* uride.xcdatamodel */,
			);
			currentVersion = 4E52E4EC1FE51DC000292FCF /* uride.xcdatamodel */;
			path = uride.xcdatamodeld;
			sourceTree = "<group>";
			versionGroupType = wrapper.xcdatamodel;
		};
/* End XCVersionGroup section */
	};
	rootObject = 4E52E4D91FE51DC000292FCF /* Project object */;
}
